{
  "name": "yostocks",
  "lockfileVersion": 3,
  "requires": true,
  "packages": {
    "": {
      "name": "yostocks",
      "workspaces": [
        "apps/agent",
        "apps/bot"
      ]
    },
    "apps/agent": {
      "name": "@yostocks/agent",
      "version": "0.1.0",
      "bin": {
        "yo": "yo.mjs"
      },
      "engines": {
        "node": ">=22"
      }
    },
    "apps/bot": {
      "name": "@yostocks/bot",
      "version": "0.1.0",
      "dependencies": {
        "openai": "^7.23.0",
        "zod": "^4.6.5"
      },
      "engines": {
        "node": ">=22"
      }
    },
    "node_modules/@yostocks/agent": {
      "resolved": "apps/agent",
      "link": true
    },
    "node_modules/@yostocks/bot": {
      "resolved": "apps/bot",
      "link": true
    },
    "node_modules/openai": {
      "version": "7.23.0",
      "resolved": "https://registry.npmjs.org/openai/-/openai-7.23.0.tgz",
      "integrity": "sha512-0ecOXnFSMNWZq6cUBcTV6Lf93y+fm8BH/+QzFvpoP1UGNOE5pnytRa6HAPGCw+3IS9SIAW7rc1M8yyzN1PiBAQ==",
      "license": "Apache-2.0",
      "engines": {
        "node": ">=22.0.0"
      },
      "peerDependencies": {
        "@aws-sdk/credential-provider-node": ">=3.972.0 <4",
        "@smithy/hash-node": ">=4.3.0 <5",
        "@smithy/signature-v4": ">=5.4.0 <6",
        "undici": ">=5 <9",
        "ws": "^8.21.0",
        "zod": "^3.25 || ^4.0"
      },
      "peerDependenciesMeta": {
        "@aws-sdk/credential-provider-node": {
          "optional": true
        },
        "@smithy/hash-node": {
          "optional": true
        },
        "@smithy/signature-v4": {
          "optional": true
        },
        "undici": {
          "optional": true
        },
        "ws": {
          "optional": true
        },
        "zod": {
          "optional": true
        }
      }
    },
    "node_modules/zod": {
      "version": "4.6.5",
      "resolved": "https://registry.npmjs.org/zod/-/zod-4.6.5.tgz",
      "integrity": "sha512-v5l/aFXZQeai4awLbOpSoHecE9UiMrnfx75tEXLjNonXVARxQ5mOeipTjROUchszUNCqnE+hqAMujRsRHsut2Q==",
      "license": "MIT",
      "funding": {
        "url": "https://github.com/sponsors/colinhacks"
      }
    }
  }
}
